# THIS IS AN AUTOGENERATED FILE. DO NOT EDIT THIS FILE DIRECTLY.
# yarn lockfile v1


"@aws-cdk/assets@1.152.0":
  version "1.152.0"
  resolved "https://registry.yarnpkg.com/@aws-cdk/assets/-/assets-1.152.0.tgz#a90df458b90dc236da481959fcfa243c49132785"
  integrity sha512-PEsrKaQqf0NIik7RlIoXdbJj8KATAV4w5tLZxr1HTaUdRaPYp2U3caaU3dsqZl2Tq+/EqPbvU87vP7H4qZ28iQ==
  dependencies:
    "@aws-cdk/core" "1.152.0"
    "@aws-cdk/cx-api" "1.152.0"
    constructs "^3.3.69"

"@aws-cdk/aws-acmpca@1.152.0":
  version "1.152.0"
  resolved "https://registry.yarnpkg.com/@aws-cdk/aws-acmpca/-/aws-acmpca-1.152.0.tgz#7d84a6f6fe883bcadc58a85669770814555000a3"
  integrity sha512-ZQKQSBF0T2Bs9JOVR4VIUDx+hqVeC/L1+guyeqCaMbqenNeA2hKw0JrqAPd6NSxwSXSr/kpi4shOjeR1MpEMjw==
  dependencies:
    "@aws-cdk/core" "1.152.0"
    constructs "^3.3.69"

"@aws-cdk/aws-apigateway@1.152.0":
  version "1.152.0"
  resolved "https://registry.yarnpkg.com/@aws-cdk/aws-apigateway/-/aws-apigateway-1.152.0.tgz#16743929841ba2b08cae51dd8dfdebec87a7f733"
  integrity sha512-ZYG13EtH0+cbBp+NbHvAF2RGUP4HG5f5/VW3JJ6iZcm2+jpRcjgFedRWFGGpUwm3fF86y1CjJ/3VtvfM66Bb0g==
  dependencies:
    "@aws-cdk/aws-certificatemanager" "1.152.0"
    "@aws-cdk/aws-cloudwatch" "1.152.0"
    "@aws-cdk/aws-cognito" "1.152.0"
    "@aws-cdk/aws-ec2" "1.152.0"
    "@aws-cdk/aws-elasticloadbalancingv2" "1.152.0"
    "@aws-cdk/aws-iam" "1.152.0"
    "@aws-cdk/aws-lambda" "1.152.0"
    "@aws-cdk/aws-logs" "1.152.0"
    "@aws-cdk/aws-s3" "1.152.0"
    "@aws-cdk/aws-s3-assets" "1.152.0"
    "@aws-cdk/aws-stepfunctions" "1.152.0"
    "@aws-cdk/core" "1.152.0"
    "@aws-cdk/cx-api" "1.152.0"
    constructs "^3.3.69"

"@aws-cdk/aws-applicationautoscaling@1.152.0":
  version "1.152.0"
  resolved "https://registry.yarnpkg.com/@aws-cdk/aws-applicationautoscaling/-/aws-applicationautoscaling-1.152.0.tgz#4e055ba9594f09dff98ed139be0094b9b3067c31"
  integrity sha512-u+dCWyE6pLCFc7h3DmUJf7C8+JAcbl65XG56vIxl3meQayJ01SMt2eaEFX9/I6f93V46N41lk0Hgmi+CX5SG8Q==
  dependencies:
    "@aws-cdk/aws-autoscaling-common" "1.152.0"
    "@aws-cdk/aws-cloudwatch" "1.152.0"
    "@aws-cdk/aws-iam" "1.152.0"
    "@aws-cdk/core" "1.152.0"
    constructs "^3.3.69"

"@aws-cdk/aws-autoscaling-common@1.152.0":
  version "1.152.0"
  resolved "https://registry.yarnpkg.com/@aws-cdk/aws-autoscaling-common/-/aws-autoscaling-common-1.152.0.tgz#ea864cac8023f656498a43a63cac9e92ee46c8c2"
  integrity sha512-19l82uZC2DhoTBJdT8vR9XoO9U8lmOs3X4xFpdA7Sp+3nVEvly0Hkk2L0SZdhBuXfdlxjZ+nxdlsmAS8jzXLGg==
  dependencies:
    "@aws-cdk/aws-iam" "1.152.0"
    "@aws-cdk/core" "1.152.0"
    constructs "^3.3.69"

"@aws-cdk/aws-autoscaling-hooktargets@1.152.0":
  version "1.152.0"
  resolved "https://registry.yarnpkg.com/@aws-cdk/aws-autoscaling-hooktargets/-/aws-autoscaling-hooktargets-1.152.0.tgz#6ced602c63ce486fb06d660203c1400091ebe598"
  integrity sha512-e74rRhIkbaOVrLQ76GgLXaLB3ky8I1+5LhjFpXRcZ6oaRcFRhlWsBnFj4XVm4vV11P9wdUNQkCdGfBxg5Bu6KQ==
  dependencies:
    "@aws-cdk/aws-autoscaling" "1.152.0"
    "@aws-cdk/aws-iam" "1.152.0"
    "@aws-cdk/aws-kms" "1.152.0"
    "@aws-cdk/aws-lambda" "1.152.0"
    "@aws-cdk/aws-sns" "1.152.0"
    "@aws-cdk/aws-sns-subscriptions" "1.152.0"
    "@aws-cdk/aws-sqs" "1.152.0"
    "@aws-cdk/core" "1.152.0"
    constructs "^3.3.69"

"@aws-cdk/aws-autoscaling@1.152.0":
  version "1.152.0"
  resolved "https://registry.yarnpkg.com/@aws-cdk/aws-autoscaling/-/aws-autoscaling-1.152.0.tgz#41cb6f7c135bbbcc9c24f9d0420b8a7acb660ee1"
  integrity sha512-TO2IiAWruVpx6gdjxUGtorYBt6gr+b7n0AIGH4ECbDz1kfOi5OAS6DVDeKlC+sOBLsvc4aSOIdfGHtN8bZvcVA==
  dependencies:
    "@aws-cdk/aws-autoscaling-common" "1.152.0"
    "@aws-cdk/aws-cloudwatch" "1.152.0"
    "@aws-cdk/aws-ec2" "1.152.0"
    "@aws-cdk/aws-elasticloadbalancing" "1.152.0"
    "@aws-cdk/aws-elasticloadbalancingv2" "1.152.0"
    "@aws-cdk/aws-iam" "1.152.0"
    "@aws-cdk/aws-sns" "1.152.0"
    "@aws-cdk/core" "1.152.0"
    constructs "^3.3.69"

"@aws-cdk/aws-certificatemanager@1.152.0":
  version "1.152.0"
  resolved "https://registry.yarnpkg.com/@aws-cdk/aws-certificatemanager/-/aws-certificatemanager-1.152.0.tgz#f62de1c41426d447fccfc57f97cba4ad491e16ec"
  integrity sha512-YnW9kv4o3WmGsU1YYQ6eCUO3M4QLjQumDhVkEucxTRGIDXQUcBhUZ3yKQaKQ3i1bPGaILTffcg7oeeM7n5/Fmw==
  dependencies:
    "@aws-cdk/aws-acmpca" "1.152.0"
    "@aws-cdk/aws-cloudwatch" "1.152.0"
    "@aws-cdk/aws-iam" "1.152.0"
    "@aws-cdk/aws-lambda" "1.152.0"
    "@aws-cdk/aws-route53" "1.152.0"
    "@aws-cdk/core" "1.152.0"
    constructs "^3.3.69"

"@aws-cdk/aws-cloudformation@1.152.0":
  version "1.152.0"
  resolved "https://registry.yarnpkg.com/@aws-cdk/aws-cloudformation/-/aws-cloudformation-1.152.0.tgz#fe95faaa47094aef0b566c9bfaab8b5dcf68221d"
  integrity sha512-jxsbHIBw1WMIJYHW09i9/8wB7P6DrR3Wlb2R255/c3uOZafz12xICKMeolZLDLQ7wPxCNayauWiXURmZLT8G8g==
  dependencies:
    "@aws-cdk/aws-iam" "1.152.0"
    "@aws-cdk/aws-lambda" "1.152.0"
    "@aws-cdk/aws-s3" "1.152.0"
    "@aws-cdk/aws-sns" "1.152.0"
    "@aws-cdk/core" "1.152.0"
    "@aws-cdk/cx-api" "1.152.0"
    constructs "^3.3.69"

"@aws-cdk/aws-cloudfront@1.152.0":
  version "1.152.0"
  resolved "https://registry.yarnpkg.com/@aws-cdk/aws-cloudfront/-/aws-cloudfront-1.152.0.tgz#95ee59dc45010a8b8671501f4753c0dade95c8db"
  integrity sha512-9tBIRfIvtf58DSB54dDleWC5RkJhC6A9l/t6uzOuprpgklYR0iLmKjqAB08L99RBvvfsdQhwdbcP7ISEmtGUrA==
  dependencies:
    "@aws-cdk/aws-certificatemanager" "1.152.0"
    "@aws-cdk/aws-cloudwatch" "1.152.0"
    "@aws-cdk/aws-ec2" "1.152.0"
    "@aws-cdk/aws-iam" "1.152.0"
    "@aws-cdk/aws-kms" "1.152.0"
    "@aws-cdk/aws-lambda" "1.152.0"
    "@aws-cdk/aws-s3" "1.152.0"
    "@aws-cdk/aws-ssm" "1.152.0"
    "@aws-cdk/core" "1.152.0"
    "@aws-cdk/cx-api" "1.152.0"
    constructs "^3.3.69"

"@aws-cdk/aws-cloudwatch@1.152.0":
  version "1.152.0"
  resolved "https://registry.yarnpkg.com/@aws-cdk/aws-cloudwatch/-/aws-cloudwatch-1.152.0.tgz#22c12ff1d8bfce9c4807b6ddb91b94e51120b2d6"
  integrity sha512-qMKN2QPV1749/Lhj2cbhFyVoRmRxb6fmNzl/2R6hc62RCEUNHQzfIn0iz78sy1WCl0MaQWun+PBIL13S9hsssw==
  dependencies:
    "@aws-cdk/aws-iam" "1.152.0"
    "@aws-cdk/core" "1.152.0"
    constructs "^3.3.69"

"@aws-cdk/aws-codebuild@1.152.0":
  version "1.152.0"
  resolved "https://registry.yarnpkg.com/@aws-cdk/aws-codebuild/-/aws-codebuild-1.152.0.tgz#fb1cba1cd23f6afb32f8d5a48b08021925ee513d"
  integrity sha512-RTkbLUzvA+SDzG3zfK+OqlNliFU+vuwkjjFxjh2Nq1IIm/hzEC9HEps9JB2eSFCArpib8dHpCimALKlEOnNDUw==
  dependencies:
    "@aws-cdk/assets" "1.152.0"
    "@aws-cdk/aws-cloudwatch" "1.152.0"
    "@aws-cdk/aws-codecommit" "1.152.0"
    "@aws-cdk/aws-codestarnotifications" "1.152.0"
    "@aws-cdk/aws-ec2" "1.152.0"
    "@aws-cdk/aws-ecr" "1.152.0"
    "@aws-cdk/aws-ecr-assets" "1.152.0"
    "@aws-cdk/aws-events" "1.152.0"
    "@aws-cdk/aws-iam" "1.152.0"
    "@aws-cdk/aws-kms" "1.152.0"
    "@aws-cdk/aws-logs" "1.152.0"
    "@aws-cdk/aws-s3" "1.152.0"
    "@aws-cdk/aws-s3-assets" "1.152.0"
    "@aws-cdk/aws-secretsmanager" "1.152.0"
    "@aws-cdk/core" "1.152.0"
    "@aws-cdk/region-info" "1.152.0"
    constructs "^3.3.69"
    yaml "1.10.2"

"@aws-cdk/aws-codecommit@1.152.0":
  version "1.152.0"
  resolved "https://registry.yarnpkg.com/@aws-cdk/aws-codecommit/-/aws-codecommit-1.152.0.tgz#56006adfb193ef4ba0669a7c9e760da55fe0a8c2"
  integrity sha512-CEkFPDdCLb6kTHRktDdYutTaEYDx5eSNXBu89g32AOFNdtCryZqCPHIZRnjes99wNR8y+79r7zNj5gVOqbPxgw==
  dependencies:
    "@aws-cdk/aws-codestarnotifications" "1.152.0"
    "@aws-cdk/aws-events" "1.152.0"
    "@aws-cdk/aws-iam" "1.152.0"
    "@aws-cdk/aws-s3-assets" "1.152.0"
    "@aws-cdk/core" "1.152.0"
    constructs "^3.3.69"

"@aws-cdk/aws-codeguruprofiler@1.152.0":
  version "1.152.0"
  resolved "https://registry.yarnpkg.com/@aws-cdk/aws-codeguruprofiler/-/aws-codeguruprofiler-1.152.0.tgz#080c038fd796e8ef2bc95d80d3b0c3520a1b8a10"
  integrity sha512-S1it9kv/1yS7MCUI7R+5dqxdd7fEFhkBG7DdSQAkLiRFY1sZ4BmPjPP266LfekPWeDMZlPAgtoz1e7P1oDkvUQ==
  dependencies:
    "@aws-cdk/aws-iam" "1.152.0"
    "@aws-cdk/core" "1.152.0"
    constructs "^3.3.69"

"@aws-cdk/aws-codepipeline@1.152.0":
  version "1.152.0"
  resolved "https://registry.yarnpkg.com/@aws-cdk/aws-codepipeline/-/aws-codepipeline-1.152.0.tgz#7a1f42eab878b3d386fc787a6899e167f2df5514"
  integrity sha512-VODe4EpS0yhpjQBrvOnhgQB27vwZglW5UAnHUFZ/+QOz8cfjZJdpJ3c/9XgTq8f+/AOoTql8YZzEoYqq2B8jFw==
  dependencies:
    "@aws-cdk/aws-codestarnotifications" "1.152.0"
    "@aws-cdk/aws-events" "1.152.0"
    "@aws-cdk/aws-iam" "1.152.0"
    "@aws-cdk/aws-kms" "1.152.0"
    "@aws-cdk/aws-s3" "1.152.0"
    "@aws-cdk/core" "1.152.0"
    constructs "^3.3.69"

"@aws-cdk/aws-codestarnotifications@1.152.0":
  version "1.152.0"
  resolved "https://registry.yarnpkg.com/@aws-cdk/aws-codestarnotifications/-/aws-codestarnotifications-1.152.0.tgz#85bcb4f95292f720f1e43a9b8dce77523470c82e"
  integrity sha512-Xkz8NaMhGkF6ZZ3MFM4xUARubKt0h7jk0+DftadzVzH+1EBJYbi+6g9Hnfkhd1/mMQMXXg3fnlQL/Z6YC80xRw==
  dependencies:
    "@aws-cdk/core" "1.152.0"
    constructs "^3.3.69"

"@aws-cdk/aws-cognito@1.152.0":
  version "1.152.0"
  resolved "https://registry.yarnpkg.com/@aws-cdk/aws-cognito/-/aws-cognito-1.152.0.tgz#cc3e1fff85876c1b6f2e8266e10816941bc64b44"
  integrity sha512-aVxUXmonew0L36cYBdAv1oIZDr1gmstEcVg6eezt2ovsg5Wpn7cA6JI2YqcNvsccHs2mIOpS3p7MH6IIQrvvnQ==
  dependencies:
    "@aws-cdk/aws-certificatemanager" "1.152.0"
    "@aws-cdk/aws-iam" "1.152.0"
    "@aws-cdk/aws-kms" "1.152.0"
    "@aws-cdk/aws-lambda" "1.152.0"
    "@aws-cdk/core" "1.152.0"
    "@aws-cdk/custom-resources" "1.152.0"
    constructs "^3.3.69"
    punycode "^2.1.1"

"@aws-cdk/aws-ec2@1.152.0":
  version "1.152.0"
  resolved "https://registry.yarnpkg.com/@aws-cdk/aws-ec2/-/aws-ec2-1.152.0.tgz#0bef1dc1a4d051b5f4d0a9563f08712689007f81"
  integrity sha512-8hv55cFpo73r17gacfFMde+C/OpzkUE0K3Pn0hiSUkPh9mkm3BSHV5IBGOa6ZQiMovE/bQtDvYA/W1W5nJsJpw==
  dependencies:
    "@aws-cdk/aws-cloudwatch" "1.152.0"
    "@aws-cdk/aws-iam" "1.152.0"
    "@aws-cdk/aws-kms" "1.152.0"
    "@aws-cdk/aws-logs" "1.152.0"
    "@aws-cdk/aws-s3" "1.152.0"
    "@aws-cdk/aws-s3-assets" "1.152.0"
    "@aws-cdk/aws-ssm" "1.152.0"
    "@aws-cdk/cloud-assembly-schema" "1.152.0"
    "@aws-cdk/core" "1.152.0"
    "@aws-cdk/cx-api" "1.152.0"
    "@aws-cdk/region-info" "1.152.0"
    constructs "^3.3.69"

"@aws-cdk/aws-ecr-assets@1.152.0":
  version "1.152.0"
  resolved "https://registry.yarnpkg.com/@aws-cdk/aws-ecr-assets/-/aws-ecr-assets-1.152.0.tgz#2119b5f6eb498e71930852acaad9af2e816a9a26"
  integrity sha512-jVwB+Z+JFeM2NuHefqeZwovO/vawtVQBiexFoTainEglKFuX+xI9swpYbRJfoRaFBY7/X1TeKgci8orLFphxmQ==
  dependencies:
    "@aws-cdk/assets" "1.152.0"
    "@aws-cdk/aws-ecr" "1.152.0"
    "@aws-cdk/aws-iam" "1.152.0"
    "@aws-cdk/aws-s3" "1.152.0"
    "@aws-cdk/core" "1.152.0"
    "@aws-cdk/cx-api" "1.152.0"
    constructs "^3.3.69"

"@aws-cdk/aws-ecr@1.152.0":
  version "1.152.0"
  resolved "https://registry.yarnpkg.com/@aws-cdk/aws-ecr/-/aws-ecr-1.152.0.tgz#e79afc339592a562a14acb736a6688fe90c7d220"
  integrity sha512-c95MF+I44zFX4n6SeuJNUKHqws2nXAQQrxuDo/xQxuKyuqMl2zE9+wTCTr5vXNabplkDBckFxNkA4QZyN47QEw==
  dependencies:
    "@aws-cdk/aws-events" "1.152.0"
    "@aws-cdk/aws-iam" "1.152.0"
    "@aws-cdk/aws-kms" "1.152.0"
    "@aws-cdk/core" "1.152.0"
    constructs "^3.3.69"

"@aws-cdk/aws-ecs@1.152.0":
  version "1.152.0"
  resolved "https://registry.yarnpkg.com/@aws-cdk/aws-ecs/-/aws-ecs-1.152.0.tgz#a34fdd786d04a2c67da411df7908189e39595e6c"
  integrity sha512-C7aHrIj4XMwFbI1WGHENVKNDp290O7/JFwmthzEKEB/FiPE1UrKEsr0AVlX9o9/PVCrRCZH1WnmqcmO9X2uIdA==
  dependencies:
    "@aws-cdk/aws-applicationautoscaling" "1.152.0"
    "@aws-cdk/aws-autoscaling" "1.152.0"
    "@aws-cdk/aws-autoscaling-hooktargets" "1.152.0"
    "@aws-cdk/aws-certificatemanager" "1.152.0"
    "@aws-cdk/aws-cloudwatch" "1.152.0"
    "@aws-cdk/aws-ec2" "1.152.0"
    "@aws-cdk/aws-ecr" "1.152.0"
    "@aws-cdk/aws-ecr-assets" "1.152.0"
    "@aws-cdk/aws-elasticloadbalancing" "1.152.0"
    "@aws-cdk/aws-elasticloadbalancingv2" "1.152.0"
    "@aws-cdk/aws-iam" "1.152.0"
    "@aws-cdk/aws-kms" "1.152.0"
    "@aws-cdk/aws-lambda" "1.152.0"
    "@aws-cdk/aws-logs" "1.152.0"
    "@aws-cdk/aws-route53" "1.152.0"
    "@aws-cdk/aws-route53-targets" "1.152.0"
    "@aws-cdk/aws-s3" "1.152.0"
    "@aws-cdk/aws-s3-assets" "1.152.0"
    "@aws-cdk/aws-secretsmanager" "1.152.0"
    "@aws-cdk/aws-servicediscovery" "1.152.0"
    "@aws-cdk/aws-sns" "1.152.0"
    "@aws-cdk/aws-sqs" "1.152.0"
    "@aws-cdk/aws-ssm" "1.152.0"
    "@aws-cdk/core" "1.152.0"
    "@aws-cdk/cx-api" "1.152.0"
    constructs "^3.3.69"

"@aws-cdk/aws-efs@1.152.0":
  version "1.152.0"
  resolved "https://registry.yarnpkg.com/@aws-cdk/aws-efs/-/aws-efs-1.152.0.tgz#f597af0a51d75944773bce7aaba55f841d8cdfcb"
  integrity sha512-CuacyJXttDM85gTfdRkIm/r+Jg1covSLQkSWktbdV/Tqr+C5DuYKDoLN5d4sFJIX0pNSVV5czr3XSoSlQJ/gHw==
  dependencies:
    "@aws-cdk/aws-ec2" "1.152.0"
    "@aws-cdk/aws-iam" "1.152.0"
    "@aws-cdk/aws-kms" "1.152.0"
    "@aws-cdk/cloud-assembly-schema" "1.152.0"
    "@aws-cdk/core" "1.152.0"
    "@aws-cdk/cx-api" "1.152.0"
    constructs "^3.3.69"

"@aws-cdk/aws-elasticloadbalancing@1.152.0":
  version "1.152.0"
  resolved "https://registry.yarnpkg.com/@aws-cdk/aws-elasticloadbalancing/-/aws-elasticloadbalancing-1.152.0.tgz#c942c33c88eec770a5b20023f6572e8670bdeb97"
  integrity sha512-stevB7UEfP3CaS79qJtq8BJW8HZocF9eovf12vDGb7t6kkxIb7Ar/4ClLXO0TLPfh2ewGbaO9Jjdkq44N9UxAg==
  dependencies:
    "@aws-cdk/aws-ec2" "1.152.0"
    "@aws-cdk/core" "1.152.0"
    constructs "^3.3.69"

"@aws-cdk/aws-elasticloadbalancingv2@1.152.0":
  version "1.152.0"
  resolved "https://registry.yarnpkg.com/@aws-cdk/aws-elasticloadbalancingv2/-/aws-elasticloadbalancingv2-1.152.0.tgz#417779105821d0a724afe6eaedd3d62012419dfb"
  integrity sha512-deSJUGZmrmoc7avcInGfFTnoj60yVj+wYmAjE6AgeE9WV6VM74QMSzSoQfX6ZkBDvBLTA4hVFa2BBmuyJbzz0g==
  dependencies:
    "@aws-cdk/aws-certificatemanager" "1.152.0"
    "@aws-cdk/aws-cloudwatch" "1.152.0"
    "@aws-cdk/aws-ec2" "1.152.0"
    "@aws-cdk/aws-iam" "1.152.0"
    "@aws-cdk/aws-lambda" "1.152.0"
    "@aws-cdk/aws-s3" "1.152.0"
    "@aws-cdk/cloud-assembly-schema" "1.152.0"
    "@aws-cdk/core" "1.152.0"
    "@aws-cdk/cx-api" "1.152.0"
    "@aws-cdk/region-info" "1.152.0"
    constructs "^3.3.69"

"@aws-cdk/aws-events-targets@^1.152.0":
  version "1.152.0"
  resolved "https://registry.yarnpkg.com/@aws-cdk/aws-events-targets/-/aws-events-targets-1.152.0.tgz#b93a4af7c5fd995e6fc220eb66940aa2245bed44"
  integrity sha512-J/tw0bgLe49dDOjFZvL0ak6bm5+RnxafvnarG2WanP7IzWkmo4CZrxtSjZ5KTNSvLmSz4ARyYlLcY+IBd0h1UA==
  dependencies:
    "@aws-cdk/aws-apigateway" "1.152.0"
    "@aws-cdk/aws-autoscaling" "1.152.0"
    "@aws-cdk/aws-codebuild" "1.152.0"
    "@aws-cdk/aws-codepipeline" "1.152.0"
    "@aws-cdk/aws-ec2" "1.152.0"
    "@aws-cdk/aws-ecs" "1.152.0"
    "@aws-cdk/aws-events" "1.152.0"
    "@aws-cdk/aws-iam" "1.152.0"
    "@aws-cdk/aws-kinesis" "1.152.0"
    "@aws-cdk/aws-kinesisfirehose" "1.152.0"
    "@aws-cdk/aws-kms" "1.152.0"
    "@aws-cdk/aws-lambda" "1.152.0"
    "@aws-cdk/aws-logs" "1.152.0"
    "@aws-cdk/aws-sns" "1.152.0"
    "@aws-cdk/aws-sns-subscriptions" "1.152.0"
    "@aws-cdk/aws-sqs" "1.152.0"
    "@aws-cdk/aws-stepfunctions" "1.152.0"
    "@aws-cdk/core" "1.152.0"
    "@aws-cdk/custom-resources" "1.152.0"
    constructs "^3.3.69"

"@aws-cdk/aws-events@1.152.0", "@aws-cdk/aws-events@^1.152.0":
  version "1.152.0"
  resolved "https://registry.yarnpkg.com/@aws-cdk/aws-events/-/aws-events-1.152.0.tgz#105c8eb8e7f964b570dc88017af648d14a535c58"
  integrity sha512-gGbsrKVkLrn+OcC/bx/C/BOKMRc+AtX6cvuvr2Bt6B3PrgXCje7fCsK4+IFDBcZOS5OUjXyGwp+MKUFMUVHSBQ==
  dependencies:
    "@aws-cdk/aws-iam" "1.152.0"
    "@aws-cdk/core" "1.152.0"
    constructs "^3.3.69"

"@aws-cdk/aws-globalaccelerator@1.152.0":
  version "1.152.0"
  resolved "https://registry.yarnpkg.com/@aws-cdk/aws-globalaccelerator/-/aws-globalaccelerator-1.152.0.tgz#b3d99e90e76829bcebe534c29e30edf395f0b091"
  integrity sha512-5bH688nx4sGoDpzxWRGjJ5Cm9hNVqg5Svms5zfi1VJmlvofcLYh2jwVrMp4ApMVaHjwUNcq+5D+0LCPf5/CRUg==
  dependencies:
    "@aws-cdk/aws-ec2" "1.152.0"
    "@aws-cdk/core" "1.152.0"
    "@aws-cdk/custom-resources" "1.152.0"
    constructs "^3.3.69"

"@aws-cdk/aws-iam@1.152.0":
  version "1.152.0"
  resolved "https://registry.yarnpkg.com/@aws-cdk/aws-iam/-/aws-iam-1.152.0.tgz#a82461794148ce36f630f391fa89dfea8a208744"
  integrity sha512-Nwi3DAhWyJE1SDnhYeutio/RnjzfrM5UguSLEeHDg8/r5pIg6297V7y4YhEgqNM3+CRLDu8KyuBXRxZp4ZixpQ==
  dependencies:
    "@aws-cdk/core" "1.152.0"
    "@aws-cdk/cx-api" "1.152.0"
    "@aws-cdk/region-info" "1.152.0"
    constructs "^3.3.69"

"@aws-cdk/aws-kinesis@1.152.0":
  version "1.152.0"
  resolved "https://registry.yarnpkg.com/@aws-cdk/aws-kinesis/-/aws-kinesis-1.152.0.tgz#bd6147af8b20b31c1315c2d7e5a64dea4b4f6a26"
  integrity sha512-7r1vFQMEUwjnWgBRy5qzn5fIgEsAI9i4CowRCj5B2TosI/vvMVpCMoB2qtyXSrsgLqr7TSz+Bq6lP1Nec1DeFQ==
  dependencies:
    "@aws-cdk/aws-cloudwatch" "1.152.0"
    "@aws-cdk/aws-iam" "1.152.0"
    "@aws-cdk/aws-kms" "1.152.0"
    "@aws-cdk/aws-logs" "1.152.0"
    "@aws-cdk/core" "1.152.0"
    constructs "^3.3.69"

"@aws-cdk/aws-kinesisfirehose@1.152.0":
  version "1.152.0"
  resolved "https://registry.yarnpkg.com/@aws-cdk/aws-kinesisfirehose/-/aws-kinesisfirehose-1.152.0.tgz#ece26d9603aa80a84d50fd41ba40f449eb3c44df"
  integrity sha512-5tT3WzvA9ER8CoF65mnSeaFP+ycKpqVqzEAjXRs1P1CLeIDYMhbWzca62V9VKC5cN0ickdq69Y96fMJk30UllA==
  dependencies:
    "@aws-cdk/aws-cloudwatch" "1.152.0"
    "@aws-cdk/aws-ec2" "1.152.0"
    "@aws-cdk/aws-iam" "1.152.0"
    "@aws-cdk/aws-kinesis" "1.152.0"
    "@aws-cdk/aws-kms" "1.152.0"
    "@aws-cdk/aws-lambda" "1.152.0"
    "@aws-cdk/aws-logs" "1.152.0"
    "@aws-cdk/aws-s3" "1.152.0"
    "@aws-cdk/core" "1.152.0"
    "@aws-cdk/region-info" "1.152.0"
    constructs "^3.3.69"

"@aws-cdk/aws-kms@1.152.0":
  version "1.152.0"
  resolved "https://registry.yarnpkg.com/@aws-cdk/aws-kms/-/aws-kms-1.152.0.tgz#28be3f98cee36cd1a3550b68831b2eeec171b8c6"
  integrity sha512-+nj0o2heN70JdHfXnrEE2Kne8XB2FbwJw7XXxNesgcOGnlpP2vVBB9KrGs8QQe4JoC++5enktqwzpSkZNPtwxw==
  dependencies:
    "@aws-cdk/aws-iam" "1.152.0"
    "@aws-cdk/cloud-assembly-schema" "1.152.0"
    "@aws-cdk/core" "1.152.0"
    "@aws-cdk/cx-api" "1.152.0"
    constructs "^3.3.69"

"@aws-cdk/aws-lambda@1.152.0":
  version "1.152.0"
  resolved "https://registry.yarnpkg.com/@aws-cdk/aws-lambda/-/aws-lambda-1.152.0.tgz#2a2a2ac964f18d0a68e9e5a986f4549d65aa8204"
  integrity sha512-scwA2pSYuSEpJSzcfCfkgRtMnlfXMfVbwIE28oKAq5y8kIYUg1GXSGICqL0cxAZjB8HBqiW3nI5o27gbfs0thQ==
  dependencies:
    "@aws-cdk/aws-applicationautoscaling" "1.152.0"
    "@aws-cdk/aws-cloudwatch" "1.152.0"
    "@aws-cdk/aws-codeguruprofiler" "1.152.0"
    "@aws-cdk/aws-ec2" "1.152.0"
    "@aws-cdk/aws-ecr" "1.152.0"
    "@aws-cdk/aws-ecr-assets" "1.152.0"
    "@aws-cdk/aws-efs" "1.152.0"
    "@aws-cdk/aws-events" "1.152.0"
    "@aws-cdk/aws-iam" "1.152.0"
    "@aws-cdk/aws-kms" "1.152.0"
    "@aws-cdk/aws-logs" "1.152.0"
    "@aws-cdk/aws-s3" "1.152.0"
    "@aws-cdk/aws-s3-assets" "1.152.0"
    "@aws-cdk/aws-signer" "1.152.0"
    "@aws-cdk/aws-sns" "1.152.0"
    "@aws-cdk/aws-sqs" "1.152.0"
    "@aws-cdk/core" "1.152.0"
    "@aws-cdk/cx-api" "1.152.0"
    "@aws-cdk/region-info" "1.152.0"
    constructs "^3.3.69"

"@aws-cdk/aws-logs@1.152.0":
  version "1.152.0"
  resolved "https://registry.yarnpkg.com/@aws-cdk/aws-logs/-/aws-logs-1.152.0.tgz#31c280b5b67ebfe91b016628587260ba13489bce"
  integrity sha512-UhNdaDxHeVtrNelRbt+e+ZBJHfzdiVWku4e9TpfN3/tiCm9YNmwaY71NyeExMwdCFqIFwDhzv1GEeoghU+5k+Q==
  dependencies:
    "@aws-cdk/aws-cloudwatch" "1.152.0"
    "@aws-cdk/aws-iam" "1.152.0"
    "@aws-cdk/aws-kms" "1.152.0"
    "@aws-cdk/aws-s3-assets" "1.152.0"
    "@aws-cdk/core" "1.152.0"
    "@aws-cdk/cx-api" "1.152.0"
    constructs "^3.3.69"

"@aws-cdk/aws-route53-targets@1.152.0":
  version "1.152.0"
  resolved "https://registry.yarnpkg.com/@aws-cdk/aws-route53-targets/-/aws-route53-targets-1.152.0.tgz#c28f714b3434e475ee50d40a02b947dd91d12d71"
  integrity sha512-hJWR9V0C+8gTHCgGHxPbzdOM4Y1ym7rPuhOMpg8x0HVoVWkBHIC5uYAaYdtdW7/IrrIZuRZI8dFPC7YSXIeAfQ==
  dependencies:
    "@aws-cdk/aws-apigateway" "1.152.0"
    "@aws-cdk/aws-cloudfront" "1.152.0"
    "@aws-cdk/aws-cognito" "1.152.0"
    "@aws-cdk/aws-ec2" "1.152.0"
    "@aws-cdk/aws-elasticloadbalancing" "1.152.0"
    "@aws-cdk/aws-elasticloadbalancingv2" "1.152.0"
    "@aws-cdk/aws-globalaccelerator" "1.152.0"
    "@aws-cdk/aws-iam" "1.152.0"
    "@aws-cdk/aws-route53" "1.152.0"
    "@aws-cdk/aws-s3" "1.152.0"
    "@aws-cdk/core" "1.152.0"
    "@aws-cdk/region-info" "1.152.0"
    constructs "^3.3.69"

"@aws-cdk/aws-route53@1.152.0":
  version "1.152.0"
  resolved "https://registry.yarnpkg.com/@aws-cdk/aws-route53/-/aws-route53-1.152.0.tgz#edf4463ee5858908e1da4553acf889940d89d9e8"
  integrity sha512-GrIPpcT+S881n/HRpwk2rjVScKFDZP4bdJtxXkHEpeQoXtU8TBQkRDIJYa7afLNNCXz9PcF//Ng9EkC5nxjTzQ==
  dependencies:
    "@aws-cdk/aws-ec2" "1.152.0"
    "@aws-cdk/aws-iam" "1.152.0"
    "@aws-cdk/aws-logs" "1.152.0"
    "@aws-cdk/cloud-assembly-schema" "1.152.0"
    "@aws-cdk/core" "1.152.0"
    "@aws-cdk/custom-resources" "1.152.0"
    constructs "^3.3.69"

"@aws-cdk/aws-s3-assets@1.152.0":
  version "1.152.0"
  resolved "https://registry.yarnpkg.com/@aws-cdk/aws-s3-assets/-/aws-s3-assets-1.152.0.tgz#c0e0c760322c9cbbe7449b2ecffae66fdb267cf0"
  integrity sha512-W5dt0ZniWJEA+7KXsGqttlmVfTZznsS8cJFesBN/TesQUq1MR/v7D/CgoetZWNdZJtZ6DJuqD2NBS2g7bcLFOA==
  dependencies:
    "@aws-cdk/assets" "1.152.0"
    "@aws-cdk/aws-iam" "1.152.0"
    "@aws-cdk/aws-kms" "1.152.0"
    "@aws-cdk/aws-s3" "1.152.0"
    "@aws-cdk/core" "1.152.0"
    "@aws-cdk/cx-api" "1.152.0"
    constructs "^3.3.69"

"@aws-cdk/aws-s3@1.152.0":
  version "1.152.0"
  resolved "https://registry.yarnpkg.com/@aws-cdk/aws-s3/-/aws-s3-1.152.0.tgz#fd4a830f638dd9af2237c1a18555a5f181d2c5b5"
  integrity sha512-3a6uGMdZ41OWTDXo4b3rM9FUCBKEUVBt/kgm07GZq2kBj13/d6O7DBWp1bUq0fYIjftk2AAXkXOwsORuPMgiPw==
  dependencies:
    "@aws-cdk/aws-events" "1.152.0"
    "@aws-cdk/aws-iam" "1.152.0"
    "@aws-cdk/aws-kms" "1.152.0"
    "@aws-cdk/core" "1.152.0"
    "@aws-cdk/cx-api" "1.152.0"
    constructs "^3.3.69"

"@aws-cdk/aws-sam@1.152.0":
  version "1.152.0"
  resolved "https://registry.yarnpkg.com/@aws-cdk/aws-sam/-/aws-sam-1.152.0.tgz#af3f9c50dbea65ac0a9f2bfd5c3149e8b82faa6d"
  integrity sha512-4dSNoNHQO+HmcEn9SCxKJRqzXeNWnlIraPtqMsT4r/qE9VxlXzxz2q+5cyEEnSiPNTEvaR8GhfLae4ySvIbjNg==
  dependencies:
    "@aws-cdk/core" "1.152.0"
    constructs "^3.3.69"

"@aws-cdk/aws-secretsmanager@1.152.0":
  version "1.152.0"
  resolved "https://registry.yarnpkg.com/@aws-cdk/aws-secretsmanager/-/aws-secretsmanager-1.152.0.tgz#d828f888cdb8634ddfb65ea5672f8c83d5094631"
  integrity sha512-he6+0wGIoe6Z2I//16sZkK/pMVK5AlIGgE1SCyKxL4eS3MR2fTDMLqj3xuBzOucFZ7yvDdHntw0f795DUJr7Uw==
  dependencies:
    "@aws-cdk/aws-ec2" "1.152.0"
    "@aws-cdk/aws-iam" "1.152.0"
    "@aws-cdk/aws-kms" "1.152.0"
    "@aws-cdk/aws-lambda" "1.152.0"
    "@aws-cdk/aws-sam" "1.152.0"
    "@aws-cdk/core" "1.152.0"
    "@aws-cdk/cx-api" "1.152.0"
    constructs "^3.3.69"

"@aws-cdk/aws-servicediscovery@1.152.0":
  version "1.152.0"
  resolved "https://registry.yarnpkg.com/@aws-cdk/aws-servicediscovery/-/aws-servicediscovery-1.152.0.tgz#dd35930ab7fbba61cd41016cf07f3934d5af33c8"
  integrity sha512-3vnCIDMGrPlUs0CHG7dNTolNLbcoSSZArw2lbnKv41cEeGXEcRNnbutoGn3V2Pqm6xNLM5O0mA+pZVg8inhoPQ==
  dependencies:
    "@aws-cdk/aws-ec2" "1.152.0"
    "@aws-cdk/aws-elasticloadbalancingv2" "1.152.0"
    "@aws-cdk/aws-route53" "1.152.0"
    "@aws-cdk/core" "1.152.0"
    constructs "^3.3.69"

"@aws-cdk/aws-signer@1.152.0":
  version "1.152.0"
  resolved "https://registry.yarnpkg.com/@aws-cdk/aws-signer/-/aws-signer-1.152.0.tgz#6404b711bd27497d81dfd2da3a52f96247a29b1c"
  integrity sha512-DB1BogYuba4T4jcPfgddvOATILSUU+3t4w41v9j6ILihG0MHRl3LxhXnTRXO4WTuRHUdIgzf7CnhCHZlC4JvDg==
  dependencies:
    "@aws-cdk/core" "1.152.0"
    constructs "^3.3.69"

"@aws-cdk/aws-sns-subscriptions@1.152.0":
  version "1.152.0"
  resolved "https://registry.yarnpkg.com/@aws-cdk/aws-sns-subscriptions/-/aws-sns-subscriptions-1.152.0.tgz#f9a9223d8c2115a86e46bbbb5b3398aa33bd58cb"
  integrity sha512-YpqoXkboAW3O6HgKpEhmz2rclAB+x0xlMgX8d2vEo9+lGNho6eVUt5N5TlUFX19Z6/LCPDQA+W9qwuzB26SMBQ==
  dependencies:
    "@aws-cdk/aws-iam" "1.152.0"
    "@aws-cdk/aws-kms" "1.152.0"
    "@aws-cdk/aws-lambda" "1.152.0"
    "@aws-cdk/aws-sns" "1.152.0"
    "@aws-cdk/aws-sqs" "1.152.0"
    "@aws-cdk/core" "1.152.0"
    constructs "^3.3.69"

"@aws-cdk/aws-sns@1.152.0":
  version "1.152.0"
  resolved "https://registry.yarnpkg.com/@aws-cdk/aws-sns/-/aws-sns-1.152.0.tgz#5ee1125077681d486a36a0d6745f9b12e3f6e09d"
  integrity sha512-vmKyR1NdRBAbzmzq1jBCnjGmF3FhSjAuQMfHNDxNdjTSAh2gtBWG2I4BHfjOFe4htQDWAkGxTqHnXSr0lxHdaw==
  dependencies:
    "@aws-cdk/aws-cloudwatch" "1.152.0"
    "@aws-cdk/aws-codestarnotifications" "1.152.0"
    "@aws-cdk/aws-events" "1.152.0"
    "@aws-cdk/aws-iam" "1.152.0"
    "@aws-cdk/aws-kms" "1.152.0"
    "@aws-cdk/aws-sqs" "1.152.0"
    "@aws-cdk/core" "1.152.0"
    constructs "^3.3.69"

"@aws-cdk/aws-sqs@1.152.0":
  version "1.152.0"
  resolved "https://registry.yarnpkg.com/@aws-cdk/aws-sqs/-/aws-sqs-1.152.0.tgz#6f526cc42725109390d737717849fe7f9b9c1c4b"
  integrity sha512-3iywkWepUrrgKCAUR2HbGVNRoHVZXCd+Ap9um2PU03Z//5xW4cnoXADmgD4QR5TXVSycMSfQqHTY/QuoaCZ8wg==
  dependencies:
    "@aws-cdk/aws-cloudwatch" "1.152.0"
    "@aws-cdk/aws-iam" "1.152.0"
    "@aws-cdk/aws-kms" "1.152.0"
    "@aws-cdk/core" "1.152.0"
    constructs "^3.3.69"

"@aws-cdk/aws-ssm@1.152.0":
  version "1.152.0"
  resolved "https://registry.yarnpkg.com/@aws-cdk/aws-ssm/-/aws-ssm-1.152.0.tgz#ddea1ec97b9a9f5078078dda42ab20ce75208f2b"
  integrity sha512-sXmdGtkFJKR+Ny0iG6HNUHPFI63yOb1wWb5qtVhbM25C73H571OQ2rItUwfgfJCoJbJQSyLPkbwLUvEemzz/ig==
  dependencies:
    "@aws-cdk/aws-iam" "1.152.0"
    "@aws-cdk/aws-kms" "1.152.0"
    "@aws-cdk/cloud-assembly-schema" "1.152.0"
    "@aws-cdk/core" "1.152.0"
    constructs "^3.3.69"

"@aws-cdk/aws-stepfunctions@1.152.0":
  version "1.152.0"
  resolved "https://registry.yarnpkg.com/@aws-cdk/aws-stepfunctions/-/aws-stepfunctions-1.152.0.tgz#db1a6180b9c2bf2cf285cf2432d80d56099c19e7"
  integrity sha512-GsPeER6XTgEhlQzaBkX/rWRnpHkochG5N/MwXz12L9V5J3wxKFkWbY2yD1hF32gCIdRW4eZ0HyRmXN3BCsX4KA==
  dependencies:
    "@aws-cdk/aws-cloudwatch" "1.152.0"
    "@aws-cdk/aws-events" "1.152.0"
    "@aws-cdk/aws-iam" "1.152.0"
    "@aws-cdk/aws-logs" "1.152.0"
    "@aws-cdk/aws-s3" "1.152.0"
    "@aws-cdk/core" "1.152.0"
    constructs "^3.3.69"

"@aws-cdk/cloud-assembly-schema@1.152.0":
  version "1.152.0"
  resolved "https://registry.yarnpkg.com/@aws-cdk/cloud-assembly-schema/-/cloud-assembly-schema-1.152.0.tgz#779acdfbb5232397cb148a1d76ba7e64a476c18b"
  integrity sha512-DEb+760eRhTGsclAaLqWJijMPsl789/JR54qP83RHEkj4tYxy5s6LMIfCMLAvLTjAR23lzk+7/0OvHNwUHiMYw==
  dependencies:
    jsonschema "^1.4.0"
    semver "^7.3.5"

"@aws-cdk/core@1.152.0":
  version "1.152.0"
  resolved "https://registry.yarnpkg.com/@aws-cdk/core/-/core-1.152.0.tgz#dd6692c8618b3d8e311aa682cae05c335fc79e4a"
  integrity sha512-P9BLrD/cFiJ4uxSUp5+Gf/Fc/IAn8Vhp3QCMcFsD3gB2JrUnxuloHwBzu1zdZVa2k2QdLBTHor1YNFFjs3zdLQ==
  dependencies:
    "@aws-cdk/cloud-assembly-schema" "1.152.0"
    "@aws-cdk/cx-api" "1.152.0"
    "@aws-cdk/region-info" "1.152.0"
    "@balena/dockerignore" "^1.0.2"
    constructs "^3.3.69"
    fs-extra "^9.1.0"
    ignore "^5.2.0"
    minimatch "^3.1.2"

"@aws-cdk/custom-resources@1.152.0":
  version "1.152.0"
  resolved "https://registry.yarnpkg.com/@aws-cdk/custom-resources/-/custom-resources-1.152.0.tgz#f8ea849f4c6d27d84d5b76ca44d2ae0d12a08beb"
  integrity sha512-JjDhgJQQzcyIkeC46FEp1T5wyJhfW9Kzkw9/Nj74ILkWjhdLG7zDLtECnSwr4G/F0nt5+71Ddrj5J/Ej+KwsUA==
  dependencies:
    "@aws-cdk/aws-cloudformation" "1.152.0"
    "@aws-cdk/aws-ec2" "1.152.0"
    "@aws-cdk/aws-iam" "1.152.0"
    "@aws-cdk/aws-lambda" "1.152.0"
    "@aws-cdk/aws-logs" "1.152.0"
    "@aws-cdk/aws-sns" "1.152.0"
    "@aws-cdk/core" "1.152.0"
    constructs "^3.3.69"

"@aws-cdk/cx-api@1.152.0":
  version "1.152.0"
  resolved "https://registry.yarnpkg.com/@aws-cdk/cx-api/-/cx-api-1.152.0.tgz#0571c1dba1f55c0ac063b74dd764e04cb8bd035f"
  integrity sha512-v6oMPMUEZrg+hEB5rVlYlWugwHKVNsBWzvT+1Hl7h6SyadTSh08wby4uyzGk/mxWusk4NwW1FMaIYtsG5BNF4A==
  dependencies:
    "@aws-cdk/cloud-assembly-schema" "1.152.0"
    semver "^7.3.5"

"@aws-cdk/region-info@1.152.0":
  version "1.152.0"
  resolved "https://registry.yarnpkg.com/@aws-cdk/region-info/-/region-info-1.152.0.tgz#02ff31c186151cd3deb504bc9998fde18537073f"
  integrity sha512-LJKb6W9RKJegw25H+RcUvxRyN8yIbez7m9OSvk/HSJZQVllxTyf3427gYgkwSjPvYnzBIuQEuH4lpZs96imh2A==

"@balena/dockerignore@^1.0.2":
  version "1.0.2"
  resolved "https://registry.yarnpkg.com/@balena/dockerignore/-/dockerignore-1.0.2.tgz#9ffe4726915251e8eb69f44ef3547e0da2c03e0d"
  integrity sha512-wMue2Sy4GAVTk6Ic4tJVcnfdau+gx2EnG7S+uAEe+TWJFqE4YoWN4/H8MSLj4eYJKxGg26lZwboEniNiNwZQ6Q==

at-least-node@^1.0.0:
  version "1.0.0"
  resolved "https://registry.yarnpkg.com/at-least-node/-/at-least-node-1.0.0.tgz#602cd4b46e844ad4effc92a8011a3c46e0238dc2"
  integrity sha512-+q/t7Ekv1EDY2l6Gda6LLiX14rU9TV20Wa3ofeQmwPFZbOMo9DXrLbOjFaaclkXKWidIaopwAObQDqwWtGUjqg==

balanced-match@^1.0.0:
  version "1.0.2"
  resolved "https://registry.yarnpkg.com/balanced-match/-/balanced-match-1.0.2.tgz#e83e3a7e3f300b34cb9d87f615fa0cbf357690ee"
  integrity sha512-3oSeUO0TMV67hN1AmbXsK4yaqU7tjiHlbxRDZOpH0KW9+CeX4bRAaX0Anxt0tx2MrpRpWwQaPwIlISEJhYU5Pw==

brace-expansion@^1.1.7:
  version "1.1.11"
  resolved "https://registry.yarnpkg.com/brace-expansion/-/brace-expansion-1.1.11.tgz#3c7fcbf529d87226f3d2f52b966ff5271eb441dd"
  integrity sha512-iCuPHDFgrHX7H2vEI/5xpz07zSHB00TpugqhmYtVmMO6518mCuRMoOYFldEBl0g187ufozdaHgWKcYFb61qGiA==
  dependencies:
    balanced-match "^1.0.0"
    concat-map "0.0.1"

concat-map@0.0.1:
  version "0.0.1"
  resolved "https://registry.yarnpkg.com/concat-map/-/concat-map-0.0.1.tgz#d8a96bd77fd68df7793a73036a3ba0d5405d477b"
  integrity sha1-2Klr13/Wjfd5OnMDajug1UBdR3s=

constructs@^3.3.69:
  version "3.3.269"
  resolved "https://registry.yarnpkg.com/constructs/-/constructs-3.3.269.tgz#ef326bf783c91b5c9acf4b0df0d226b83f2b4bfc"
  integrity sha512-Qx9qG5hoT1IaRCFYvWrwCqdfqGm+spLL6vkcqjCR+wKIiiMqE39Ji36KQ8r9TxdbHesEgbzu39BoT00Z97J7HA==

fs-extra@^9.1.0:
  version "9.1.0"
  resolved "https://registry.yarnpkg.com/fs-extra/-/fs-extra-9.1.0.tgz#5954460c764a8da2094ba3554bf839e6b9a7c86d"
  integrity sha512-hcg3ZmepS30/7BSFqRvoo3DOMQu7IjqxO5nCDt+zM9XWjb33Wg7ziNT+Qvqbuc3+gWpzO02JubVyk2G4Zvo1OQ==
  dependencies:
    at-least-node "^1.0.0"
    graceful-fs "^4.2.0"
    jsonfile "^6.0.1"
    universalify "^2.0.0"

graceful-fs@^4.1.6, graceful-fs@^4.2.0:
  version "4.2.10"
  resolved "https://registry.yarnpkg.com/graceful-fs/-/graceful-fs-4.2.10.tgz#147d3a006da4ca3ce14728c7aefc287c367d7a6c"
  integrity sha512-9ByhssR2fPVsNZj478qUUbKfmL0+t5BDVyjShtyZZLiK7ZDAArFFfopyOTj0M05wE2tJPisA4iTnnXl2YoPvOA==

ignore@^5.2.0:
  version "5.2.0"
  resolved "https://registry.yarnpkg.com/ignore/-/ignore-5.2.0.tgz#6d3bac8fa7fe0d45d9f9be7bac2fc279577e345a"
  integrity sha512-CmxgYGiEPCLhfLnpPp1MoRmifwEIOgjcHXxOBjv7mY96c+eWScsOP9c112ZyLdWHi0FxHjI+4uVhKYp/gcdRmQ==

jsonfile@^6.0.1:
  version "6.1.0"
  resolved "https://registry.yarnpkg.com/jsonfile/-/jsonfile-6.1.0.tgz#bc55b2634793c679ec6403094eb13698a6ec0aae"
  integrity sha512-5dgndWOriYSm5cnYaJNhalLNDKOqFwyDB/rr1E9ZsGciGvKPs8R2xYGCacuf3z6K1YKDz182fd+fY3cn3pMqXQ==
  dependencies:
    universalify "^2.0.0"
  optionalDependencies:
    graceful-fs "^4.1.6"

jsonschema@^1.4.0:
  version "1.4.0"
  resolved "https://registry.yarnpkg.com/jsonschema/-/jsonschema-1.4.0.tgz#1afa34c4bc22190d8e42271ec17ac8b3404f87b2"
  integrity sha512-/YgW6pRMr6M7C+4o8kS+B/2myEpHCrxO4PEWnqJNBFMjn7EWXqlQ4tGwL6xTHeRplwuZmcAncdvfOad1nT2yMw==

lru-cache@^6.0.0:
  version "6.0.0"
  resolved "https://registry.yarnpkg.com/lru-cache/-/lru-cache-6.0.0.tgz#6d6fe6570ebd96aaf90fcad1dafa3b2566db3a94"
  integrity sha512-Jo6dJ04CmSjuznwJSS3pUeWmd/H0ffTlkXXgwZi+eq1UCmqQwCh+eLsYOYCwY991i2Fah4h1BEMCx4qThGbsiA==
  dependencies:
    yallist "^4.0.0"

minimatch@^3.1.2:
  version "3.1.2"
  resolved "https://registry.yarnpkg.com/minimatch/-/minimatch-3.1.2.tgz#19cd194bfd3e428f049a70817c038d89ab4be35b"
  integrity sha512-J7p63hRiAjw1NDEww1W7i37+ByIrOWO5XQQAzZ3VOcL0PNybwpfmV/N05zFAzwQ9USyEcX6t3UO+K5aqBQOIHw==
  dependencies:
    brace-expansion "^1.1.7"

punycode@^2.1.1:
  version "2.1.1"
  resolved "https://registry.yarnpkg.com/punycode/-/punycode-2.1.1.tgz#b58b010ac40c22c5657616c8d2c2c02c7bf479ec"
  integrity sha512-XRsRjdf+j5ml+y/6GKHPZbrF/8p2Yga0JPtdqTIY2Xe5ohJPD9saDJJLPvp9+NSBprVvevdXZybnj2cv8OEd0A==

semver@^7.3.5:
  version "7.3.7"
  resolved "https://registry.yarnpkg.com/semver/-/semver-7.3.7.tgz#12c5b649afdbf9049707796e22a4028814ce523f"
  integrity sha512-QlYTucUYOews+WeEujDoEGziz4K6c47V/Bd+LjSSYcA94p+DmINdf7ncaUinThfvZyu13lN9OY1XDxt8C0Tw0g==
  dependencies:
    lru-cache "^6.0.0"

universalify@^2.0.0:
  version "2.0.0"
  resolved "https://registry.yarnpkg.com/universalify/-/universalify-2.0.0.tgz#75a4984efedc4b08975c5aeb73f530d02df25717"
  integrity sha512-hAZsKq7Yy11Zu1DE0OzWjw7nnLZmJZYTDZZyEFHZdUhV8FkH5MCfoU1XMaxXovpyW5nq5scPqq0ZDP9Zyl04oQ==

yallist@^4.0.0:
  version "4.0.0"
  resolved "https://registry.yarnpkg.com/yallist/-/yallist-4.0.0.tgz#9bb92790d9c0effec63be73519e11a35019a3a72"
  integrity sha512-3wdGidZyq5PB084XLES5TpOSRA3wjXAlIWMhum2kRcv/41Sn2emQ0dycQW4uZXLejwKvg6EsvbdlVL+FYEct7A==

yaml@1.10.2:
  version "1.10.2"
  resolved "https://registry.yarnpkg.com/yaml/-/yaml-1.10.2.tgz#2301c5ffbf12b467de8da2333a459e29e7920e4b"
  integrity sha512-r3vXyErRCYJ7wg28yvBY5VSoAF8ZvlcW9/BwUzEtUsjvX/DKs24dIkuwjtuprwJJHsbyUbLApepYTR1BN4uHrg==
